
Microsoft Visual Studio Solution File, Format Version 12.00
Project("{FAE04EC0-301F-11D3-BF4B-00C04F79EFBC}") = "Advent2017_Day1", "Advent2017_Day1\Advent2017_Day1.csproj", "{83E6ACC6-2FDB-4B0C-9444-CF64EFE5FDC4}"
EndProject
Project("{FAE04EC0-301F-11D3-BF4B-00C04F79EFBC}") = "Advent2017_Day1.Tests", "Advent2017_Day1.Tests\Advent2017_Day1.Tests.csproj", "{1B062248-915B-4C4B-9B6D-F7C47FD11B43}"
EndProject
Global
	GlobalSection(SolutionConfigurationPlatforms) = preSolution
		Debug|Any CPU = Debug|Any CPU
		Release|Any CPU = Release|Any CPU
	EndGlobalSection
	GlobalSection(ProjectConfigurationPlatforms) = postSolution
		{83E6ACC6-2FDB-4B0C-9444-CF64EFE5FDC4}.Debug|Any CPU.ActiveCfg = Debug|Any CPU
		{83E6ACC6-2FDB-4B0C-9444-CF64EFE5FDC4}.Debug|Any CPU.Build.0 = Debug|Any CPU
		{83E6ACC6-2FDB-4B0C-9444-CF64EFE5FDC4}.Release|Any CPU.ActiveCfg = Release|Any CPU
		{83E6ACC6-2FDB-4B0C-9444-CF64EFE5FDC4}.Release|Any CPU.Build.0 = Release|Any CPU
		{1B062248-915B-4C4B-9B6D-F7C47FD11B43}.Debug|Any CPU.ActiveCfg = Debug|Any CPU
		{1B062248-915B-4C4B-9B6D-F7C47FD11B43}.Debug|Any CPU.Build.0 = Debug|Any CPU
		{1B062248-915B-4C4B-9B6D-F7C47FD11B43}.Release|Any CPU.ActiveCfg = Release|Any CPU
		{1B062248-915B-4C4B-9B6D-F7C47FD11B43}.Release|Any CPU.Build.0 = Release|Any CPU
	EndGlobalSection
EndGlobal
